dependencies:
- name: mongodb
  repository: file://charts/mongodb
  version: 0.1.0
- name: postgresql
  repository: file://charts/postgresql
  version: 0.1.0
- name: redis-stack
  repository: file://charts/redis-stack
  version: 0.1.0
- name: kafka
  repository: file://charts/kafka
  version: 0.1.0
digest: sha256:d06142f61fa8f6ff91a5ef9b4214937414a502f07c08442cf3dec7def0de38f5
generated: "2025-10-16T15:43:51.81107749+03:00"
